
Microsoft Visual Studio Solution File, Format Version 12.00
# Visual Studio 15
VisualStudioVersion = 15.0.28307.757
MinimumVisualStudioVersion = 10.0.40219.1
Project("{FAE04EC0-301F-11D3-BF4B-00C04F79EFBC}") = "Tic-Tac-Toc", "Tic-Tac-Toc\Tic-Tac-Toc.csproj", "{9B620BB3-E2DC-4CDD-873C-FB3B713A25DD}"
EndProject
Global
	GlobalSection(SolutionConfigurationPlatforms) = preSolution
		Debug|Any CPU = Debug|Any CPU
		Release|Any CPU = Release|Any CPU
	EndGlobalSection
	GlobalSection(ProjectConfigurationPlatforms) = postSolution
		{9B620BB3-E2DC-4CDD-873C-FB3B713A25DD}.Debug|Any CPU.ActiveCfg = Debug|Any CPU
		{9B620BB3-E2DC-4CDD-873C-FB3B713A25DD}.Debug|Any CPU.Build.0 = Debug|Any CPU
		{9B620BB3-E2DC-4CDD-873C-FB3B713A25DD}.Release|Any CPU.ActiveCfg = Release|Any CPU
		{9B620BB3-E2DC-4CDD-873C-FB3B713A25DD}.Release|Any CPU.Build.0 = Release|Any CPU
	EndGlobalSection
	GlobalSection(SolutionProperties) = preSolution
		HideSolutionNode = FALSE
	EndGlobalSection
	GlobalSection(ExtensibilityGlobals) = postSolution
		SolutionGuid = {7DBFE38E-675D-4E08-B2FB-ED748C3E2941}
	EndGlobalSection
EndGlobal
